
Microsoft Visual Studio Solution File, Format Version 12.00
# Visual Studio Version 17
VisualStudioVersion = 17.14.36518.9 d17.14
MinimumVisualStudioVersion = 10.0.40219.1
Project("{FAE04EC0-301F-11D3-BF4B-00C04F79EFBC}") = "TechStoreWebApp_", "TechStoreWebApp_\TechStoreWebApp_.csproj", "{4601AC30-E0CC-4B56-B976-1E25B518C017}"
EndProject
Global
	GlobalSection(SolutionConfigurationPlatforms) = preSolution
		Debug|Any CPU = Debug|Any CPU
		Release|Any CPU = Release|Any CPU
	EndGlobalSection
	GlobalSection(ProjectConfigurationPlatforms) = postSolution
		{4601AC30-E0CC-4B56-B976-1E25B518C017}.Debug|Any CPU.ActiveCfg = Debug|Any CPU
		{4601AC30-E0CC-4B56-B976-1E25B518C017}.Debug|Any CPU.Build.0 = Debug|Any CPU
		{4601AC30-E0CC-4B56-B976-1E25B518C017}.Release|Any CPU.ActiveCfg = Release|Any CPU
		{4601AC30-E0CC-4B56-B976-1E25B518C017}.Release|Any CPU.Build.0 = Release|Any CPU
	EndGlobalSection
	GlobalSection(SolutionProperties) = preSolution
		HideSolutionNode = FALSE
	EndGlobalSection
	GlobalSection(ExtensibilityGlobals) = postSolution
		SolutionGuid = {D8E041C3-F32B-4D35-AC63-68D49BC16102}
	EndGlobalSection
EndGlobal
