
Microsoft Visual Studio Solution File, Format Version 12.00
# Visual Studio Version 17
VisualStudioVersion = 17.14.36327.8 d17.14
MinimumVisualStudioVersion = 10.0.40219.1
Project("{FAE04EC0-301F-11D3-BF4B-00C04F79EFBC}") = "Capa de Entidades", "Capa de Entidades\Capa de Entidades.csproj", "{B0576F2E-F2FB-4A3E-9C71-DABE8989BC7D}"
EndProject
Project("{FAE04EC0-301F-11D3-BF4B-00C04F79EFBC}") = "Capa de Lógica", "Capa de Lógica\Capa de Lógica.csproj", "{3671BA36-1FB1-48B5-8428-535C53741A08}"
EndProject
Project("{FAE04EC0-301F-11D3-BF4B-00C04F79EFBC}") = "Capa Presentacion", "Capa Presentacion\Capa Presentacion.csproj", "{16B29D5A-CA89-463F-8C14-8E49CC22D944}"
EndProject
Global
	GlobalSection(SolutionConfigurationPlatforms) = preSolution
		Debug|Any CPU = Debug|Any CPU
		Release|Any CPU = Release|Any CPU
	EndGlobalSection
	GlobalSection(ProjectConfigurationPlatforms) = postSolution
		{B0576F2E-F2FB-4A3E-9C71-DABE8989BC7D}.Debug|Any CPU.ActiveCfg = Debug|Any CPU
		{B0576F2E-F2FB-4A3E-9C71-DABE8989BC7D}.Debug|Any CPU.Build.0 = Debug|Any CPU
		{B0576F2E-F2FB-4A3E-9C71-DABE8989BC7D}.Release|Any CPU.ActiveCfg = Release|Any CPU
		{B0576F2E-F2FB-4A3E-9C71-DABE8989BC7D}.Release|Any CPU.Build.0 = Release|Any CPU
		{3671BA36-1FB1-48B5-8428-535C53741A08}.Debug|Any CPU.ActiveCfg = Debug|Any CPU
		{3671BA36-1FB1-48B5-8428-535C53741A08}.Debug|Any CPU.Build.0 = Debug|Any CPU
		{3671BA36-1FB1-48B5-8428-535C53741A08}.Release|Any CPU.ActiveCfg = Release|Any CPU
		{3671BA36-1FB1-48B5-8428-535C53741A08}.Release|Any CPU.Build.0 = Release|Any CPU
		{16B29D5A-CA89-463F-8C14-8E49CC22D944}.Debug|Any CPU.ActiveCfg = Debug|Any CPU
		{16B29D5A-CA89-463F-8C14-8E49CC22D944}.Debug|Any CPU.Build.0 = Debug|Any CPU
		{16B29D5A-CA89-463F-8C14-8E49CC22D944}.Release|Any CPU.ActiveCfg = Release|Any CPU
		{16B29D5A-CA89-463F-8C14-8E49CC22D944}.Release|Any CPU.Build.0 = Release|Any CPU
	EndGlobalSection
	GlobalSection(SolutionProperties) = preSolution
		HideSolutionNode = FALSE
	EndGlobalSection
	GlobalSection(ExtensibilityGlobals) = postSolution
		SolutionGuid = {4C8FCFAE-DD0A-4BA2-B004-B3DB363FDEB2}
	EndGlobalSection
EndGlobal
